// !$*UTF8*$!
{
	archiveVersion = 1;
	classes = {
	};
	objectVersion = 46;
	objects = {

/* Begin PBXBuildFile section */
		931CC7B21CE2C31000DF5FA8 /* ImageExtension.swift in Sources */ = {isa = PBXBuildFile; fileRef = 931CC7B11CE2C31000DF5FA8 /* ImageExtension.swift */; };
		933D5E781CE808CD009B873C /* DataService.swift in Sources */ = {isa = PBXBuildFile; fileRef = 933D5E771CE808CD009B873C /* DataService.swift */; };
		93447AF51CC5B4A5001C6E1E /* ItemType+CoreDataProperties.swift in Sources */ = {isa = PBXBuildFile; fileRef = 93447AF31CC5B4A5001C6E1E /* ItemType+CoreDataProperties.swift */; };
		93447AF61CC5B4A5001C6E1E /* Item+CoreDataProperties.swift in Sources */ = {isa = PBXBuildFile; fileRef = 93447AF41CC5B4A5001C6E1E /* Item+CoreDataProperties.swift */; };
		934CB4521BD2BF1F001B735B /* AppDelegate.swift in Sources */ = {isa = PBXBuildFile; fileRef = 934CB4511BD2BF1F001B735B /* AppDelegate.swift */; };
		934CB4541BD2BF1F001B735B /* ViewController.swift in Sources */ = {isa = PBXBuildFile; fileRef = 934CB4531BD2BF1F001B735B /* ViewController.swift */; };
		934CB4571BD2BF1F001B735B /* Main.storyboard in Resources */ = {isa = PBXBuildFile; fileRef = 934CB4551BD2BF1F001B735B /* Main.storyboard */; };
		934CB45A1BD2BF1F001B735B /* CafeCashRegister.xcdatamodeld in Sources */ = {isa = PBXBuildFile; fileRef = 934CB4581BD2BF1F001B735B /* CafeCashRegister.xcdatamodeld */; };
		934CB45C1BD2BF1F001B735B /* Assets.xcassets in Resources */ = {isa = PBXBuildFile; fileRef = 934CB45B1BD2BF1F001B735B /* Assets.xcassets */; };
		934CB45F1BD2BF1F001B735B /* LaunchScreen.storyboard in Resources */ = {isa = PBXBuildFile; fileRef = 934CB45D1BD2BF1F001B735B /* LaunchScreen.storyboard */; };
		934CB46A1BD5B748001B735B /* Product.swift in Sources */ = {isa = PBXBuildFile; fileRef = 934CB4691BD5B748001B735B /* Product.swift */; };
		934CB46C1BD5BD4B001B735B /* ProductCell.swift in Sources */ = {isa = PBXBuildFile; fileRef = 934CB46B1BD5BD4B001B735B /* ProductCell.swift */; };
		939264B11CB5CD0200118C95 /* MaterialView.swift in Sources */ = {isa = PBXBuildFile; fileRef = 939264B01CB5CD0200118C95 /* MaterialView.swift */; };
		939264B31CB5D3F500118C95 /* ProductDetailsCell.swift in Sources */ = {isa = PBXBuildFile; fileRef = 939264B21CB5D3F500118C95 /* ProductDetailsCell.swift */; };
		939264B91CB7195F00118C95 /* ItemType.swift in Sources */ = {isa = PBXBuildFile; fileRef = 939264B51CB7195F00118C95 /* ItemType.swift */; };
		939264BB1CB7195F00118C95 /* Item.swift in Sources */ = {isa = PBXBuildFile; fileRef = 939264B71CB7195F00118C95 /* Item.swift */; };
		939264BE1CB71E4700118C95 /* MainVC.swift in Sources */ = {isa = PBXBuildFile; fileRef = 939264BD1CB71E4700118C95 /* MainVC.swift */; };
		939264C01CB7220600118C95 /* ItemCell_CV.swift in Sources */ = {isa = PBXBuildFile; fileRef = 939264BF1CB7220600118C95 /* ItemCell_CV.swift */; };
		939264C21CB8A26F00118C95 /* Item_Main_TVCell.swift in Sources */ = {isa = PBXBuildFile; fileRef = 939264C11CB8A26F00118C95 /* Item_Main_TVCell.swift */; };
		939264C41CB8A77E00118C95 /* Main_RightVC.swift in Sources */ = {isa = PBXBuildFile; fileRef = 939264C31CB8A77E00118C95 /* Main_RightVC.swift */; };
		939264C61CB9DD3800118C95 /* AddedItem.swift in Sources */ = {isa = PBXBuildFile; fileRef = 939264C51CB9DD3800118C95 /* AddedItem.swift */; };
		93CDAB0A1CAB45DB0055B443 /* CalculatorView.swift in Sources */ = {isa = PBXBuildFile; fileRef = 93CDAB091CAB45DB0055B443 /* CalculatorView.swift */; };
		93CDAB0C1CB1985D0055B443 /* DetailsVC.swift in Sources */ = {isa = PBXBuildFile; fileRef = 93CDAB0B1CB1985D0055B443 /* DetailsVC.swift */; };
		93CDAB0E1CB199750055B443 /* Utils.swift in Sources */ = {isa = PBXBuildFile; fileRef = 93CDAB0D1CB199750055B443 /* Utils.swift */; };
		93CDAB101CB19B380055B443 /* ImageHandler.swift in Sources */ = {isa = PBXBuildFile; fileRef = 93CDAB0F1CB19B380055B443 /* ImageHandler.swift */; };
		93D4BF3E1BD854DB00C0F769 /* BagItemCell.swift in Sources */ = {isa = PBXBuildFile; fileRef = 93D4BF3D1BD854DB00C0F769 /* BagItemCell.swift */; };
		93ED65F81C98C9970059DA4C /* Constants.swift in Sources */ = {isa = PBXBuildFile; fileRef = 93ED65F71C98C9970059DA4C /* Constants.swift */; };
		93ED66001C98EE2A0059DA4C /* Globals.swift in Sources */ = {isa = PBXBuildFile; fileRef = 93ED65FF1C98EE2A0059DA4C /* Globals.swift */; };
		93ED66041C9B82220059DA4C /* RigthVC.swift in Sources */ = {isa = PBXBuildFile; fileRef = 93ED66031C9B82220059DA4C /* RigthVC.swift */; };
/* End PBXBuildFile section */

/* Begin PBXFileReference section */
		931CC7B11CE2C31000DF5FA8 /* ImageExtension.swift */ = {isa = PBXFileReference; fileEncoding = 4; lastKnownFileType = sourcecode.swift; path = ImageExtension.swift; sourceTree = "<group>"; };
		933D5E771CE808CD009B873C /* DataService.swift */ = {isa = PBXFileReference; fileEncoding = 4; lastKnownFileType = sourcecode.swift; path = DataService.swift; sourceTree = "<group>"; };
		93447AF31CC5B4A5001C6E1E /* ItemType+CoreDataProperties.swift */ = {isa = PBXFileReference; fileEncoding = 4; lastKnownFileType = sourcecode.swift; path = "ItemType+CoreDataProperties.swift"; sourceTree = "<group>"; };
		93447AF41CC5B4A5001C6E1E /* Item+CoreDataProperties.swift */ = {isa = PBXFileReference; fileEncoding = 4; lastKnownFileType = sourcecode.swift; path = "Item+CoreDataProperties.swift"; sourceTree = "<group>"; };
		934CB44E1BD2BF1F001B735B /* CafeCashRegister.app */ = {isa = PBXFileReference; explicitFileType = wrapper.application; includeInIndex = 0; path = CafeCashRegister.app; sourceTree = BUILT_PRODUCTS_DIR; };
		934CB4511BD2BF1F001B735B /* AppDelegate.swift */ = {isa = PBXFileReference; lastKnownFileType = sourcecode.swift; path = AppDelegate.swift; sourceTree = "<group>"; };
		934CB4531BD2BF1F001B735B /* ViewController.swift */ = {isa = PBXFileReference; lastKnownFileType = sourcecode.swift; path = ViewController.swift; sourceTree = "<group>"; };
		934CB4561BD2BF1F001B735B /* Base */ = {isa = PBXFileReference; lastKnownFileType = file.storyboard; name = Base; path = Base.lproj/Main.storyboard; sourceTree = "<group>"; };
		934CB4591BD2BF1F001B735B /* CafeCashRegister.xcdatamodel */ = {isa = PBXFileReference; lastKnownFileType = wrapper.xcdatamodel; path = CafeCashRegister.xcdatamodel; sourceTree = "<group>"; };
		934CB45B1BD2BF1F001B735B /* Assets.xcassets */ = {isa = PBXFileReference; lastKnownFileType = folder.assetcatalog; path = Assets.xcassets; sourceTree = "<group>"; };
		934CB45E1BD2BF1F001B735B /* Base */ = {isa = PBXFileReference; lastKnownFileType = file.storyboard; name = Base; path = Base.lproj/LaunchScreen.storyboard; sourceTree = "<group>"; };
		934CB4601BD2BF1F001B735B /* Info.plist */ = {isa = PBXFileReference; lastKnownFileType = text.plist.xml; path = Info.plist; sourceTree = "<group>"; };
		934CB4691BD5B748001B735B /* Product.swift */ = {isa = PBXFileReference; fileEncoding = 4; lastKnownFileType = sourcecode.swift; path = Product.swift; sourceTree = "<group>"; };
		934CB46B1BD5BD4B001B735B /* ProductCell.swift */ = {isa = PBXFileReference; fileEncoding = 4; lastKnownFileType = sourcecode.swift; path = ProductCell.swift; sourceTree = "<group>"; };
		939264B01CB5CD0200118C95 /* MaterialView.swift */ = {isa = PBXFileReference; fileEncoding = 4; lastKnownFileType = sourcecode.swift; path = MaterialView.swift; sourceTree = "<group>"; };
		939264B21CB5D3F500118C95 /* ProductDetailsCell.swift */ = {isa = PBXFileReference; fileEncoding = 4; lastKnownFileType = sourcecode.swift; path = ProductDetailsCell.swift; sourceTree = "<group>"; };
		939264B51CB7195F00118C95 /* ItemType.swift */ = {isa = PBXFileReference; fileEncoding = 4; lastKnownFileType = sourcecode.swift; path = ItemType.swift; sourceTree = "<group>"; };
		939264B71CB7195F00118C95 /* Item.swift */ = {isa = PBXFileReference; fileEncoding = 4; lastKnownFileType = sourcecode.swift; path = Item.swift; sourceTree = "<group>"; };
		939264BD1CB71E4700118C95 /* MainVC.swift */ = {isa = PBXFileReference; fileEncoding = 4; lastKnownFileType = sourcecode.swift; path = MainVC.swift; sourceTree = "<group>"; };
		939264BF1CB7220600118C95 /* ItemCell_CV.swift */ = {isa = PBXFileReference; fileEncoding = 4; lastKnownFileType = sourcecode.swift; path = ItemCell_CV.swift; sourceTree = "<group>"; };
		939264C11CB8A26F00118C95 /* Item_Main_TVCell.swift */ = {isa = PBXFileReference; fileEncoding = 4; lastKnownFileType = sourcecode.swift; path = Item_Main_TVCell.swift; sourceTree = "<group>"; };
		939264C31CB8A77E00118C95 /* Main_RightVC.swift */ = {isa = PBXFileReference; fileEncoding = 4; lastKnownFileType = sourcecode.swift; path = Main_RightVC.swift; sourceTree = "<group>"; };
		939264C51CB9DD3800118C95 /* AddedItem.swift */ = {isa = PBXFileReference; fileEncoding = 4; lastKnownFileType = sourcecode.swift; path = AddedItem.swift; sourceTree = "<group>"; };
		93CDAB091CAB45DB0055B443 /* CalculatorView.swift */ = {isa = PBXFileReference; fileEncoding = 4; lastKnownFileType = sourcecode.swift; path = CalculatorView.swift; sourceTree = "<group>"; };
		93CDAB0B1CB1985D0055B443 /* DetailsVC.swift */ = {isa = PBXFileReference; fileEncoding = 4; lastKnownFileType = sourcecode.swift; path = DetailsVC.swift; sourceTree = "<group>"; };
		93CDAB0D1CB199750055B443 /* Utils.swift */ = {isa = PBXFileReference; fileEncoding = 4; lastKnownFileType = sourcecode.swift; path = Utils.swift; sourceTree = "<group>"; };
		93CDAB0F1CB19B380055B443 /* ImageHandler.swift */ = {isa = PBXFileReference; fileEncoding = 4; lastKnownFileType = sourcecode.swift; path = ImageHandler.swift; sourceTree = "<group>"; };
		93D4BF3D1BD854DB00C0F769 /* BagItemCell.swift */ = {isa = PBXFileReference; fileEncoding = 4; lastKnownFileType = sourcecode.swift; path = BagItemCell.swift; sourceTree = "<group>"; };
		93ED65F71C98C9970059DA4C /* Constants.swift */ = {isa = PBXFileReference; fileEncoding = 4; lastKnownFileType = sourcecode.swift; path = Constants.swift; sourceTree = "<group>"; };
		93ED65FF1C98EE2A0059DA4C /* Globals.swift */ = {isa = PBXFileReference; fileEncoding = 4; lastKnownFileType = sourcecode.swift; path = Globals.swift; sourceTree = "<group>"; };
		93ED66031C9B82220059DA4C /* RigthVC.swift */ = {isa = PBXFileReference; fileEncoding = 4; lastKnownFileType = sourcecode.swift; path = RigthVC.swift; sourceTree = "<group>"; };
/* End PBXFileReference section */

/* Begin PBXFrameworksBuildPhase section */
		934CB44B1BD2BF1F001B735B /* Frameworks */ = {
			isa = PBXFrameworksBuildPhase;
			buildActionMask = 2147483647;
			files = (
			);
			runOnlyForDeploymentPostprocessing = 0;
		};
/* End PBXFrameworksBuildPhase section */

/* Begin PBXGroup section */
		933D5E761CE8086C009B873C /* Service */ = {
			isa = PBXGroup;
			children = (
				933D5E771CE808CD009B873C /* DataService.swift */,
			);
			name = Service;
			sourceTree = "<group>";
		};
		934CB4451BD2BF1F001B735B = {
			isa = PBXGroup;
			children = (
				934CB4501BD2BF1F001B735B /* CafeCashRegister */,
				934CB44F1BD2BF1F001B735B /* Products */,
			);
			sourceTree = "<group>";
		};
		934CB44F1BD2BF1F001B735B /* Products */ = {
			isa = PBXGroup;
			children = (
				934CB44E1BD2BF1F001B735B /* CafeCashRegister.app */,
			);
			name = Products;
			sourceTree = "<group>";
		};
		934CB4501BD2BF1F001B735B /* CafeCashRegister */ = {
			isa = PBXGroup;
			children = (
				933D5E761CE8086C009B873C /* Service */,
				93ED65F61C98C97E0059DA4C /* Utils */,
				934CB4681BD5B5F6001B735B /* Controller */,
				934CB4671BD5B5EF001B735B /* View */,
				934CB4661BD5B5E8001B735B /* Model */,
				934CB4511BD2BF1F001B735B /* AppDelegate.swift */,
				934CB45B1BD2BF1F001B735B /* Assets.xcassets */,
				934CB45D1BD2BF1F001B735B /* LaunchScreen.storyboard */,
				934CB4601BD2BF1F001B735B /* Info.plist */,
				934CB4581BD2BF1F001B735B /* CafeCashRegister.xcdatamodeld */,
			);
			path = CafeCashRegister;
			sourceTree = "<group>";
		};
		934CB4661BD5B5E8001B735B /* Model */ = {
			isa = PBXGroup;
			children = (
				939264D51CBB14F900118C95 /* old */,
				939264C51CB9DD3800118C95 /* AddedItem.swift */,
				939264B71CB7195F00118C95 /* Item.swift */,
				939264B51CB7195F00118C95 /* ItemType.swift */,
				939264BC1CB7196B00118C95 /* Generated */,
			);
			name = Model;
			sourceTree = "<group>";
		};
		934CB4671BD5B5EF001B735B /* View */ = {
			isa = PBXGroup;
			children = (
				939264D31CBB14AE00118C95 /* old */,
				93CDAB091CAB45DB0055B443 /* CalculatorView.swift */,
				939264C11CB8A26F00118C95 /* Item_Main_TVCell.swift */,
				939264BF1CB7220600118C95 /* ItemCell_CV.swift */,
				934CB4551BD2BF1F001B735B /* Main.storyboard */,
				939264B01CB5CD0200118C95 /* MaterialView.swift */,
				939264B21CB5D3F500118C95 /* ProductDetailsCell.swift */,
				931CC7B11CE2C31000DF5FA8 /* ImageExtension.swift */,
			);
			name = View;
			sourceTree = "<group>";
		};
		934CB4681BD5B5F6001B735B /* Controller */ = {
			isa = PBXGroup;
			children = (
				939264D41CBB14C700118C95 /* old */,
				93CDAB0B1CB1985D0055B443 /* DetailsVC.swift */,
				939264BD1CB71E4700118C95 /* MainVC.swift */,
				939264C31CB8A77E00118C95 /* Main_RightVC.swift */,
			);
			name = Controller;
			sourceTree = "<group>";
		};
		939264BC1CB7196B00118C95 /* Generated */ = {
			isa = PBXGroup;
			children = (
				93447AF31CC5B4A5001C6E1E /* ItemType+CoreDataProperties.swift */,
				93447AF41CC5B4A5001C6E1E /* Item+CoreDataProperties.swift */,
			);
			name = Generated;
			sourceTree = "<group>";
		};
		939264D31CBB14AE00118C95 /* old */ = {
			isa = PBXGroup;
			children = (
				934CB46B1BD5BD4B001B735B /* ProductCell.swift */,
				93D4BF3D1BD854DB00C0F769 /* BagItemCell.swift */,
			);
			name = old;
			sourceTree = "<group>";
		};
		939264D41CBB14C700118C95 /* old */ = {
			isa = PBXGroup;
			children = (
				93ED66031C9B82220059DA4C /* RigthVC.swift */,
				934CB4531BD2BF1F001B735B /* ViewController.swift */,
			);
			name = old;
			sourceTree = "<group>";
		};
		939264D51CBB14F900118C95 /* old */ = {
			isa = PBXGroup;
			children = (
				934CB4691BD5B748001B735B /* Product.swift */,
			);
			name = old;
			sourceTree = "<group>";
		};
		93ED65F61C98C97E0059DA4C /* Utils */ = {
			isa = PBXGroup;
			children = (
				93ED65F71C98C9970059DA4C /* Constants.swift */,
				93ED65FF1C98EE2A0059DA4C /* Globals.swift */,
				93CDAB0D1CB199750055B443 /* Utils.swift */,
				93CDAB0F1CB19B380055B443 /* ImageHandler.swift */,
			);
			name = Utils;
			sourceTree = "<group>";
		};
/* End PBXGroup section */

/* Begin PBXNativeTarget section */
		934CB44D1BD2BF1F001B735B /* CafeCashRegister */ = {
			isa = PBXNativeTarget;
			buildConfigurationList = 934CB4631BD2BF1F001B735B /* Build configuration list for PBXNativeTarget "CafeCashRegister" */;
			buildPhases = (
				934CB44A1BD2BF1F001B735B /* Sources */,
				934CB44B1BD2BF1F001B735B /* Frameworks */,
				934CB44C1BD2BF1F001B735B /* Resources */,
			);
			buildRules = (
			);
			dependencies = (
			);
			name = CafeCashRegister;
			productName = CafeCashRegister;
			productReference = 934CB44E1BD2BF1F001B735B /* CafeCashRegister.app */;
			productType = "com.apple.product-type.application";
		};
/* End PBXNativeTarget section */

/* Begin PBXProject section */
		934CB4461BD2BF1F001B735B /* Project object */ = {
			isa = PBXProject;
			attributes = {
				LastUpgradeCheck = 0700;
				ORGANIZATIONNAME = "Miguel Santos";
				TargetAttributes = {
					934CB44D1BD2BF1F001B735B = {
						CreatedOnToolsVersion = 7.0.1;
						DevelopmentTeam = E2WXGK793Z;
					};
				};
			};
			buildConfigurationList = 934CB4491BD2BF1F001B735B /* Build configuration list for PBXProject "CafeCashRegister" */;
			compatibilityVersion = "Xcode 3.2";
			developmentRegion = English;
			hasScannedForEncodings = 0;
			knownRegions = (
				en,
				Base,
			);
			mainGroup = 934CB4451BD2BF1F001B735B;
			productRefGroup = 934CB44F1BD2BF1F001B735B /* Products */;
			projectDirPath = "";
			projectRoot = "";
			targets = (
				934CB44D1BD2BF1F001B735B /* CafeCashRegister */,
			);
		};
/* End PBXProject section */

/* Begin PBXResourcesBuildPhase section */
		934CB44C1BD2BF1F001B735B /* Resources */ = {
			isa = PBXResourcesBuildPhase;
			buildActionMask = 2147483647;
			files = (
				934CB45F1BD2BF1F001B735B /* LaunchScreen.storyboard in Resources */,
				934CB45C1BD2BF1F001B735B /* Assets.xcassets in Resources */,
				934CB4571BD2BF1F001B735B /* Main.storyboard in Resources */,
			);
			runOnlyForDeploymentPostprocessing = 0;
		};
/* End PBXResourcesBuildPhase section */

/* Begin PBXSourcesBuildPhase section */
		934CB44A1BD2BF1F001B735B /* Sources */ = {
			isa = PBXSourcesBuildPhase;
			buildActionMask = 2147483647;
			files = (
				934CB4541BD2BF1F001B735B /* ViewController.swift in Sources */,
				939264C01CB7220600118C95 /* ItemCell_CV.swift in Sources */,
				939264BE1CB71E4700118C95 /* MainVC.swift in Sources */,
				93D4BF3E1BD854DB00C0F769 /* BagItemCell.swift in Sources */,
				934CB46C1BD5BD4B001B735B /* ProductCell.swift in Sources */,
				933D5E781CE808CD009B873C /* DataService.swift in Sources */,
				934CB46A1BD5B748001B735B /* Product.swift in Sources */,
				93CDAB0E1CB199750055B443 /* Utils.swift in Sources */,
				939264B11CB5CD0200118C95 /* MaterialView.swift in Sources */,
				93ED66001C98EE2A0059DA4C /* Globals.swift in Sources */,
				93ED65F81C98C9970059DA4C /* Constants.swift in Sources */,
				934CB4521BD2BF1F001B735B /* AppDelegate.swift in Sources */,
				934CB45A1BD2BF1F001B735B /* CafeCashRegister.xcdatamodeld in Sources */,
				939264B31CB5D3F500118C95 /* ProductDetailsCell.swift in Sources */,
				931CC7B21CE2C31000DF5FA8 /* ImageExtension.swift in Sources */,
				93447AF51CC5B4A5001C6E1E /* ItemType+CoreDataProperties.swift in Sources */,
				939264C41CB8A77E00118C95 /* Main_RightVC.swift in Sources */,
				93CDAB0A1CAB45DB0055B443 /* CalculatorView.swift in Sources */,
				939264BB1CB7195F00118C95 /* Item.swift in Sources */,
				93CDAB0C1CB1985D0055B443 /* DetailsVC.swift in Sources */,
				93447AF61CC5B4A5001C6E1E /* Item+CoreDataProperties.swift in Sources */,
				939264C61CB9DD3800118C95 /* AddedItem.swift in Sources */,
				93CDAB101CB19B380055B443 /* ImageHandler.swift in Sources */,
				93ED66041C9B82220059DA4C /* RigthVC.swift in Sources */,
				939264B91CB7195F00118C95 /* ItemType.swift in Sources */,
				939264C21CB8A26F00118C95 /* Item_Main_TVCell.swift in Sources */,
			);
			runOnlyForDeploymentPostprocessing = 0;
		};
/* End PBXSourcesBuildPhase section */

/* Begin PBXVariantGroup section */
		934CB4551BD2BF1F001B735B /* Main.storyboard */ = {
			isa = PBXVariantGroup;
			children = (
				934CB4561BD2BF1F001B735B /* Base */,
			);
			name = Main.storyboard;
			sourceTree = "<group>";
		};
		934CB45D1BD2BF1F001B735B /* LaunchScreen.storyboard */ = {
			isa = PBXVariantGroup;
			children = (
				934CB45E1BD2BF1F001B735B /* Base */,
			);
			name = LaunchScreen.storyboard;
			sourceTree = "<group>";
		};
/* End PBXVariantGroup section */

/* Begin XCBuildConfiguration section */
		934CB4611BD2BF1F001B735B /* Debug */ = {
			isa = XCBuildConfiguration;
			buildSettings = {
				ALWAYS_SEARCH_USER_PATHS = NO;
				CLANG_CXX_LANGUAGE_STANDARD = "gnu++0x";
				CLANG_CXX_LIBRARY = "libc++";
				CLANG_ENABLE_MODULES = YES;
				CLANG_ENABLE_OBJC_ARC = YES;
				CLANG_WARN_BOOL_CONVERSION = YES;
				CLANG_WARN_CONSTANT_CONVERSION = YES;
				CLANG_WARN_DIRECT_OBJC_ISA_USAGE = YES_ERROR;
				CLANG_WARN_EMPTY_BODY = YES;
				CLANG_WARN_ENUM_CONVERSION = YES;
				CLANG_WARN_INT_CONVERSION = YES;
				CLANG_WARN_OBJC_ROOT_CLASS = YES_ERROR;
				CLANG_WARN_UNREACHABLE_CODE = YES;
				CLANG_WARN__DUPLICATE_METHOD_MATCH = YES;
				"CODE_SIGN_IDENTITY[sdk=iphoneos*]" = "iPhone Developer";
				COPY_PHASE_STRIP = NO;
				DEBUG_INFORMATION_FORMAT = dwarf;
				ENABLE_STRICT_OBJC_MSGSEND = YES;
				ENABLE_TESTABILITY = YES;
				GCC_C_LANGUAGE_STANDARD = gnu99;
				GCC_DYNAMIC_NO_PIC = NO;
				GCC_NO_COMMON_BLOCKS = YES;
				GCC_OPTIMIZATION_LEVEL = 0;
				GCC_PREPROCESSOR_DEFINITIONS = (
					"DEBUG=1",
					"$(inherited)",
				);
				GCC_WARN_64_TO_32_BIT_CONVERSION = YES;
				GCC_WARN_ABOUT_RETURN_TYPE = YES_ERROR;
				GCC_WARN_UNDECLARED_SELECTOR = YES;
				GCC_WARN_UNINITIALIZED_AUTOS = YES_AGGRESSIVE;
				GCC_WARN_UNUSED_FUNCTION = YES;
				GCC_WARN_UNUSED_VARIABLE = YES;
				IPHONEOS_DEPLOYMENT_TARGET = 9.0;
				MTL_ENABLE_DEBUG_INFO = YES;
				ONLY_ACTIVE_ARCH = YES;
				SDKROOT = iphoneos;
				SWIFT_OPTIMIZATION_LEVEL = "-Onone";
			};
			name = Debug;
		};
		934CB4621BD2BF1F001B735B /* Release */ = {
			isa = XCBuildConfiguration;
			buildSettings = {
				ALWAYS_SEARCH_USER_PATHS = NO;
				CLANG_CXX_LANGUAGE_STANDARD = "gnu++0x";
				CLANG_CXX_LIBRARY = "libc++";
				CLANG_ENABLE_MODULES = YES;
				CLANG_ENABLE_OBJC_ARC = YES;
				CLANG_WARN_BOOL_CONVERSION = YES;
				CLANG_WARN_CONSTANT_CONVERSION = YES;
				CLANG_WARN_DIRECT_OBJC_ISA_USAGE = YES_ERROR;
				CLANG_WARN_EMPTY_BODY = YES;
				CLANG_WARN_ENUM_CONVERSION = YES;
				CLANG_WARN_INT_CONVERSION = YES;
				CLANG_WARN_OBJC_ROOT_CLASS = YES_ERROR;
				CLANG_WARN_UNREACHABLE_CODE = YES;
				CLANG_WARN__DUPLICATE_METHOD_MATCH = YES;
				"CODE_SIGN_IDENTITY[sdk=iphoneos*]" = "iPhone Developer";
				COPY_PHASE_STRIP = NO;
				DEBUG_INFORMATION_FORMAT = "dwarf-with-dsym";
				ENABLE_NS_ASSERTIONS = NO;
				ENABLE_STRICT_OBJC_MSGSEND = YES;
				GCC_C_LANGUAGE_STANDARD = gnu99;
				GCC_NO_COMMON_BLOCKS = YES;
				GCC_WARN_64_TO_32_BIT_CONVERSION = YES;
				GCC_WARN_ABOUT_RETURN_TYPE = YES_ERROR;
				GCC_WARN_UNDECLARED_SELECTOR = YES;
				GCC_WARN_UNINITIALIZED_AUTOS = YES_AGGRESSIVE;
				GCC_WARN_UNUSED_FUNCTION = YES;
				GCC_WARN_UNUSED_VARIABLE = YES;
				IPHONEOS_DEPLOYMENT_TARGET = 9.0;
				MTL_ENABLE_DEBUG_INFO = NO;
				SDKROOT = iphoneos;
				VALIDATE_PRODUCT = YES;
			};
			name = Release;
		};
		934CB4641BD2BF1F001B735B /* Debug */ = {
			isa = XCBuildConfiguration;
			buildSettings = {
				ASSETCATALOG_COMPILER_APPICON_NAME = AppIcon;
				CODE_SIGN_IDENTITY = "iPhone Developer";
				"CODE_SIGN_IDENTITY[sdk=iphoneos*]" = "iPhone Developer";
				INFOPLIST_FILE = CafeCashRegister/Info.plist;
				LD_RUNPATH_SEARCH_PATHS = "$(inherited) @executable_path/Frameworks";
				PRODUCT_BUNDLE_IDENTIFIER = com.miggsantos.CafeCashRegister;
				PRODUCT_NAME = "$(TARGET_NAME)";
				PROVISIONING_PROFILE = "";
				TARGETED_DEVICE_FAMILY = 2;
			};
			name = Debug;
		};
		934CB4651BD2BF1F001B735B /* Release */ = {
			isa = XCBuildConfiguration;
			buildSettings = {
				ASSETCATALOG_COMPILER_APPICON_NAME = AppIcon;
				CODE_SIGN_IDENTITY = "iPhone Developer";
				"CODE_SIGN_IDENTITY[sdk=iphoneos*]" = "iPhone Developer";
				INFOPLIST_FILE = CafeCashRegister/Info.plist;
				LD_RUNPATH_SEARCH_PATHS = "$(inherited) @executable_path/Frameworks";
				PRODUCT_BUNDLE_IDENTIFIER = com.miggsantos.CafeCashRegister;
				PRODUCT_NAME = "$(TARGET_NAME)";
				PROVISIONING_PROFILE = "";
				TARGETED_DEVICE_FAMILY = 2;
			};
			name = Release;
		};
/* End XCBuildConfiguration section */

/* Begin XCConfigurationList section */
		934CB4491BD2BF1F001B735B /* Build configuration list for PBXProject "CafeCashRegister" */ = {
			isa = XCConfigurationList;
			buildConfigurations = (
				934CB4611BD2BF1F001B735B /* Debug */,
				934CB4621BD2BF1F001B735B /* Release */,
			);
			defaultConfigurationIsVisible = 0;
			defaultConfigurationName = Release;
		};
		934CB4631BD2BF1F001B735B /* Build configuration list for PBXNativeTarget "CafeCashRegister" */ = {
			isa = XCConfigurationList;
			buildConfigurations = (
				934CB4641BD2BF1F001B735B /* Debug */,
				934CB4651BD2BF1F001B735B /* Release */,
			);
			defaultConfigurationIsVisible = 0;
			defaultConfigurationName = Release;
		};
/* End XCConfigurationList section */

/* Begin XCVersionGroup section */
		934CB4581BD2BF1F001B735B /* CafeCashRegister.xcdatamodeld */ = {
			isa = XCVersionGroup;
			children = (
				934CB4591BD2BF1F001B735B /* CafeCashRegister.xcdatamodel */,
			);
			currentVersion = 934CB4591BD2BF1F001B735B /* CafeCashRegister.xcdatamodel */;
			path = CafeCashRegister.xcdatamodeld;
			sourceTree = "<group>";
			versionGroupType = wrapper.xcdatamodel;
		};
/* End XCVersionGroup section */
	};
	rootObject = 934CB4461BD2BF1F001B735B /* Project object */;
}
